
Microsoft Visual Studio Solution File, Format Version 12.00
# Visual Studio Version 17
VisualStudioVersion = 17.0.32112.339
MinimumVisualStudioVersion = 10.0.40219.1
Project("{FAE04EC0-301F-11D3-BF4B-00C04F79EFBC}") = "appdesign1", "appdesign1\appdesign1.csproj", "{98F9808F-43CC-4DE5-98C6-87969B01F099}"
EndProject
Global
	GlobalSection(SolutionConfigurationPlatforms) = preSolution
		Debug|Any CPU = Debug|Any CPU
		Release|Any CPU = Release|Any CPU
	EndGlobalSection
	GlobalSection(ProjectConfigurationPlatforms) = postSolution
		{98F9808F-43CC-4DE5-98C6-87969B01F099}.Debug|Any CPU.ActiveCfg = Debug|Any CPU
		{98F9808F-43CC-4DE5-98C6-87969B01F099}.Debug|Any CPU.Build.0 = Debug|Any CPU
		{98F9808F-43CC-4DE5-98C6-87969B01F099}.Release|Any CPU.ActiveCfg = Release|Any CPU
		{98F9808F-43CC-4DE5-98C6-87969B01F099}.Release|Any CPU.Build.0 = Release|Any CPU
	EndGlobalSection
	GlobalSection(SolutionProperties) = preSolution
		HideSolutionNode = FALSE
	EndGlobalSection
	GlobalSection(ExtensibilityGlobals) = postSolution
		SolutionGuid = {35285E27-6C64-486D-8D22-05B6D44CEC79}
	EndGlobalSection
EndGlobal
